// !$*UTF8*$!
{
	archiveVersion = 1;
	classes = {
	};
	objectVersion = 46;
	objects = {

/* Begin PBXBuildFile section */
		4D9D88791B36C6D500ED0FFB /* AppDelegate.swift in Sources */ = {isa = PBXBuildFile; fileRef = 4D9D88781B36C6D500ED0FFB /* AppDelegate.swift */; };
		4D9D887B1B36C6D500ED0FFB /* ViewController.swift in Sources */ = {isa = PBXBuildFile; fileRef = 4D9D887A1B36C6D500ED0FFB /* ViewController.swift */; };
		4D9D887E1B36C6D500ED0FFB /* Main.storyboard in Resources */ = {isa = PBXBuildFile; fileRef = 4D9D887C1B36C6D500ED0FFB /* Main.storyboard */; };
		4D9D88801B36C6D500ED0FFB /* Images.xcassets in Resources */ = {isa = PBXBuildFile; fileRef = 4D9D887F1B36C6D500ED0FFB /* Images.xcassets */; };
		4D9D88831B36C6D500ED0FFB /* LaunchScreen.xib in Resources */ = {isa = PBXBuildFile; fileRef = 4D9D88811B36C6D500ED0FFB /* LaunchScreen.xib */; };
		4D9D888F1B36C6D500ED0FFB /* Photo_Search_ExampleTests.swift in Sources */ = {isa = PBXBuildFile; fileRef = 4D9D888E1B36C6D500ED0FFB /* Photo_Search_ExampleTests.swift */; };
		5088F636ABF6D42199DD06BD /* libPods.a in Frameworks */ = {isa = PBXBuildFile; fileRef = 08B5ECCE82067BC0A317B2F6 /* libPods.a */; };
/* End PBXBuildFile section */

/* Begin PBXContainerItemProxy section */
		4D9D88891B36C6D500ED0FFB /* PBXContainerItemProxy */ = {
			isa = PBXContainerItemProxy;
			containerPortal = 4D9D886B1B36C6D500ED0FFB /* Project object */;
			proxyType = 1;
			remoteGlobalIDString = 4D9D88721B36C6D500ED0FFB;
			remoteInfo = "Photo Search Example";
		};
/* End PBXContainerItemProxy section */

/* Begin PBXFileReference section */
		07359C579374D337C867B59C /* Pods.debug.xcconfig */ = {isa = PBXFileReference; includeInIndex = 1; lastKnownFileType = text.xcconfig; name = Pods.debug.xcconfig; path = "Pods/Target Support Files/Pods/Pods.debug.xcconfig"; sourceTree = "<group>"; };
		08B5ECCE82067BC0A317B2F6 /* libPods.a */ = {isa = PBXFileReference; explicitFileType = archive.ar; includeInIndex = 0; path = libPods.a; sourceTree = BUILT_PRODUCTS_DIR; };
		4D9D88731B36C6D500ED0FFB /* Photo Search Example.app */ = {isa = PBXFileReference; explicitFileType = wrapper.application; includeInIndex = 0; path = "Photo Search Example.app"; sourceTree = BUILT_PRODUCTS_DIR; };
		4D9D88771B36C6D500ED0FFB /* Info.plist */ = {isa = PBXFileReference; lastKnownFileType = text.plist.xml; path = Info.plist; sourceTree = "<group>"; };
		4D9D88781B36C6D500ED0FFB /* AppDelegate.swift */ = {isa = PBXFileReference; lastKnownFileType = sourcecode.swift; path = AppDelegate.swift; sourceTree = "<group>"; };
		4D9D887A1B36C6D500ED0FFB /* ViewController.swift */ = {isa = PBXFileReference; lastKnownFileType = sourcecode.swift; path = ViewController.swift; sourceTree = "<group>"; };
		4D9D887D1B36C6D500ED0FFB /* Base */ = {isa = PBXFileReference; lastKnownFileType = file.storyboard; name = Base; path = Base.lproj/Main.storyboard; sourceTree = "<group>"; };
		4D9D887F1B36C6D500ED0FFB /* Images.xcassets */ = {isa = PBXFileReference; lastKnownFileType = folder.assetcatalog; path = Images.xcassets; sourceTree = "<group>"; };
		4D9D88821B36C6D500ED0FFB /* Base */ = {isa = PBXFileReference; lastKnownFileType = file.xib; name = Base; path = Base.lproj/LaunchScreen.xib; sourceTree = "<group>"; };
		4D9D88881B36C6D500ED0FFB /* Photo Search ExampleTests.xctest */ = {isa = PBXFileReference; explicitFileType = wrapper.cfbundle; includeInIndex = 0; path = "Photo Search ExampleTests.xctest"; sourceTree = BUILT_PRODUCTS_DIR; };
		4D9D888D1B36C6D500ED0FFB /* Info.plist */ = {isa = PBXFileReference; lastKnownFileType = text.plist.xml; path = Info.plist; sourceTree = "<group>"; };
		4D9D888E1B36C6D500ED0FFB /* Photo_Search_ExampleTests.swift */ = {isa = PBXFileReference; lastKnownFileType = sourcecode.swift; path = Photo_Search_ExampleTests.swift; sourceTree = "<group>"; };
		4D9D899B1B36C79A00ED0FFB /* bridge.h */ = {isa = PBXFileReference; lastKnownFileType = sourcecode.c.h; path = bridge.h; sourceTree = "<group>"; };
		70581AE6F5B7BDAD77C5295F /* Pods.release.xcconfig */ = {isa = PBXFileReference; includeInIndex = 1; lastKnownFileType = text.xcconfig; name = Pods.release.xcconfig; path = "Pods/Target Support Files/Pods/Pods.release.xcconfig"; sourceTree = "<group>"; };
/* End PBXFileReference section */

/* Begin PBXFrameworksBuildPhase section */
		4D9D88701B36C6D500ED0FFB /* Frameworks */ = {
			isa = PBXFrameworksBuildPhase;
			buildActionMask = 2147483647;
			files = (
				5088F636ABF6D42199DD06BD /* libPods.a in Frameworks */,
			);
			runOnlyForDeploymentPostprocessing = 0;
		};
		4D9D88851B36C6D500ED0FFB /* Frameworks */ = {
			isa = PBXFrameworksBuildPhase;
			buildActionMask = 2147483647;
			files = (
			);
			runOnlyForDeploymentPostprocessing = 0;
		};
/* End PBXFrameworksBuildPhase section */

/* Begin PBXGroup section */
		4D9D886A1B36C6D500ED0FFB = {
			isa = PBXGroup;
			children = (
				4D9D899B1B36C79A00ED0FFB /* bridge.h */,
				4D9D88751B36C6D500ED0FFB /* Photo Search Example */,
				4D9D888B1B36C6D500ED0FFB /* Photo Search ExampleTests */,
				4D9D88741B36C6D500ED0FFB /* Products */,
				A011304E50DE8BDA0982F7AF /* Pods */,
				A176EC67E70D1EED07CAAB3D /* Frameworks */,
			);
			sourceTree = "<group>";
		};
		4D9D88741B36C6D500ED0FFB /* Products */ = {
			isa = PBXGroup;
			children = (
				4D9D88731B36C6D500ED0FFB /* Photo Search Example.app */,
				4D9D88881B36C6D500ED0FFB /* Photo Search ExampleTests.xctest */,
			);
			name = Products;
			sourceTree = "<group>";
		};
		4D9D88751B36C6D500ED0FFB /* Photo Search Example */ = {
			isa = PBXGroup;
			children = (
				4D9D88781B36C6D500ED0FFB /* AppDelegate.swift */,
				4D9D887A1B36C6D500ED0FFB /* ViewController.swift */,
				4D9D887C1B36C6D500ED0FFB /* Main.storyboard */,
				4D9D887F1B36C6D500ED0FFB /* Images.xcassets */,
				4D9D88811B36C6D500ED0FFB /* LaunchScreen.xib */,
				4D9D88761B36C6D500ED0FFB /* Supporting Files */,
			);
			path = "Photo Search Example";
			sourceTree = "<group>";
		};
		4D9D88761B36C6D500ED0FFB /* Supporting Files */ = {
			isa = PBXGroup;
			children = (
				4D9D88771B36C6D500ED0FFB /* Info.plist */,
			);
			name = "Supporting Files";
			sourceTree = "<group>";
		};
		4D9D888B1B36C6D500ED0FFB /* Photo Search ExampleTests */ = {
			isa = PBXGroup;
			children = (
				4D9D888E1B36C6D500ED0FFB /* Photo_Search_ExampleTests.swift */,
				4D9D888C1B36C6D500ED0FFB /* Supporting Files */,
			);
			path = "Photo Search ExampleTests";
			sourceTree = "<group>";
		};
		4D9D888C1B36C6D500ED0FFB /* Supporting Files */ = {
			isa = PBXGroup;
			children = (
				4D9D888D1B36C6D500ED0FFB /* Info.plist */,
			);
			name = "Supporting Files";
			sourceTree = "<group>";
		};
		A011304E50DE8BDA0982F7AF /* Pods */ = {
			isa = PBXGroup;
			children = (
				07359C579374D337C867B59C /* Pods.debug.xcconfig */,
				70581AE6F5B7BDAD77C5295F /* Pods.release.xcconfig */,
			);
			name = Pods;
			sourceTree = "<group>";
		};
		A176EC67E70D1EED07CAAB3D /* Frameworks */ = {
			isa = PBXGroup;
			children = (
				08B5ECCE82067BC0A317B2F6 /* libPods.a */,
			);
			name = Frameworks;
			sourceTree = "<group>";
		};
/* End PBXGroup section */

/* Begin PBXNativeTarget section */
		4D9D88721B36C6D500ED0FFB /* Photo Search Example */ = {
			isa = PBXNativeTarget;
			buildConfigurationList = 4D9D88921B36C6D500ED0FFB /* Build configuration list for PBXNativeTarget "Photo Search Example" */;
			buildPhases = (
				EBD54C41E5E99E42A31A7D34 /* Check Pods Manifest.lock */,
				4D9D886F1B36C6D500ED0FFB /* Sources */,
				4D9D88701B36C6D500ED0FFB /* Frameworks */,
				4D9D88711B36C6D500ED0FFB /* Resources */,
				12C4EEF13FDE4C4F213C21BA /* Copy Pods Resources */,
			);
			buildRules = (
			);
			dependencies = (
			);
			name = "Photo Search Example";
			productName = "Photo Search Example";
			productReference = 4D9D88731B36C6D500ED0FFB /* Photo Search Example.app */;
			productType = "com.apple.product-type.application";
		};
		4D9D88871B36C6D500ED0FFB /* Photo Search ExampleTests */ = {
			isa = PBXNativeTarget;
			buildConfigurationList = 4D9D88951B36C6D500ED0FFB /* Build configuration list for PBXNativeTarget "Photo Search ExampleTests" */;
			buildPhases = (
				4D9D88841B36C6D500ED0FFB /* Sources */,
				4D9D88851B36C6D500ED0FFB /* Frameworks */,
				4D9D88861B36C6D500ED0FFB /* Resources */,
			);
			buildRules = (
			);
			dependencies = (
				4D9D888A1B36C6D500ED0FFB /* PBXTargetDependency */,
			);
			name = "Photo Search ExampleTests";
			productName = "Photo Search ExampleTests";
			productReference = 4D9D88881B36C6D500ED0FFB /* Photo Search ExampleTests.xctest */;
			productType = "com.apple.product-type.bundle.unit-test";
		};
/* End PBXNativeTarget section */

/* Begin PBXProject section */
		4D9D886B1B36C6D500ED0FFB /* Project object */ = {
			isa = PBXProject;
			attributes = {
				LastUpgradeCheck = 0630;
				ORGANIZATIONNAME = "Shaun Chua";
				TargetAttributes = {
					4D9D88721B36C6D500ED0FFB = {
						CreatedOnToolsVersion = 6.3.2;
					};
					4D9D88871B36C6D500ED0FFB = {
						CreatedOnToolsVersion = 6.3.2;
						TestTargetID = 4D9D88721B36C6D500ED0FFB;
					};
				};
			};
			buildConfigurationList = 4D9D886E1B36C6D500ED0FFB /* Build configuration list for PBXProject "Photo Search Example" */;
			compatibilityVersion = "Xcode 3.2";
			developmentRegion = English;
			hasScannedForEncodings = 0;
			knownRegions = (
				en,
				Base,
			);
			mainGroup = 4D9D886A1B36C6D500ED0FFB;
			productRefGroup = 4D9D88741B36C6D500ED0FFB /* Products */;
			projectDirPath = "";
			projectRoot = "";
			targets = (
				4D9D88721B36C6D500ED0FFB /* Photo Search Example */,
				4D9D88871B36C6D500ED0FFB /* Photo Search ExampleTests */,
			);
		};
/* End PBXProject section */

/* Begin PBXResourcesBuildPhase section */
		4D9D88711B36C6D500ED0FFB /* Resources */ = {
			isa = PBXResourcesBuildPhase;
			buildActionMask = 2147483647;
			files = (
				4D9D887E1B36C6D500ED0FFB /* Main.storyboard in Resources */,
				4D9D88831B36C6D500ED0FFB /* LaunchScreen.xib in Resources */,
				4D9D88801B36C6D500ED0FFB /* Images.xcassets in Resources */,
			);
			runOnlyForDeploymentPostprocessing = 0;
		};
		4D9D88861B36C6D500ED0FFB /* Resources */ = {
			isa = PBXResourcesBuildPhase;
			buildActionMask = 2147483647;
			files = (
			);
			runOnlyForDeploymentPostprocessing = 0;
		};
/* End PBXResourcesBuildPhase section */

/* Begin PBXShellScriptBuildPhase section */
		12C4EEF13FDE4C4F213C21BA /* Copy Pods Resources */ = {
			isa = PBXShellScriptBuildPhase;
			buildActionMask = 2147483647;
			files = (
			);
			inputPaths = (
			);
			name = "Copy Pods Resources";
			outputPaths = (
			);
			runOnlyForDeploymentPostprocessing = 0;
			shellPath = /bin/sh;
			shellScript = "\"${SRCROOT}/Pods/Target Support Files/Pods/Pods-resources.sh\"\n";
			showEnvVarsInLog = 0;
		};
		EBD54C41E5E99E42A31A7D34 /* Check Pods Manifest.lock */ = {
			isa = PBXShellScriptBuildPhase;
			buildActionMask = 2147483647;
			files = (
			);
			inputPaths = (
			);
			name = "Check Pods Manifest.lock";
			outputPaths = (
			);
			runOnlyForDeploymentPostprocessing = 0;
			shellPath = /bin/sh;
			shellScript = "diff \"${PODS_ROOT}/../Podfile.lock\" \"${PODS_ROOT}/Manifest.lock\" > /dev/null\nif [[ $? != 0 ]] ; then\n    cat << EOM\nerror: The sandbox is not in sync with the Podfile.lock. Run 'pod install' or update your CocoaPods installation.\nEOM\n    exit 1\nfi\n";
			showEnvVarsInLog = 0;
		};
/* End PBXShellScriptBuildPhase section */

/* Begin PBXSourcesBuildPhase section */
		4D9D886F1B36C6D500ED0FFB /* Sources */ = {
			isa = PBXSourcesBuildPhase;
			buildActionMask = 2147483647;
			files = (
				4D9D887B1B36C6D500ED0FFB /* ViewController.swift in Sources */,
				4D9D88791B36C6D500ED0FFB /* AppDelegate.swift in Sources */,
			);
			runOnlyForDeploymentPostprocessing = 0;
		};
		4D9D88841B36C6D500ED0FFB /* Sources */ = {
			isa = PBXSourcesBuildPhase;
			buildActionMask = 2147483647;
			files = (
				4D9D888F1B36C6D500ED0FFB /* Photo_Search_ExampleTests.swift in Sources */,
			);
			runOnlyForDeploymentPostprocessing = 0;
		};
/* End PBXSourcesBuildPhase section */

/* Begin PBXTargetDependency section */
		4D9D888A1B36C6D500ED0FFB /* PBXTargetDependency */ = {
			isa = PBXTargetDependency;
			target = 4D9D88721B36C6D500ED0FFB /* Photo Search Example */;
			targetProxy = 4D9D88891B36C6D500ED0FFB /* PBXContainerItemProxy */;
		};
/* End PBXTargetDependency section */

/* Begin PBXVariantGroup section */
		4D9D887C1B36C6D500ED0FFB /* Main.storyboard */ = {
			isa = PBXVariantGroup;
			children = (
				4D9D887D1B36C6D500ED0FFB /* Base */,
			);
			name = Main.storyboard;
			sourceTree = "<group>";
		};
		4D9D88811B36C6D500ED0FFB /* LaunchScreen.xib */ = {
			isa = PBXVariantGroup;
			children = (
				4D9D88821B36C6D500ED0FFB /* Base */,
			);
			name = LaunchScreen.xib;
			sourceTree = "<group>";
		};
/* End PBXVariantGroup section */

/* Begin XCBuildConfiguration section */
		4D9D88901B36C6D500ED0FFB /* Debug */ = {
			isa = XCBuildConfiguration;
			buildSettings = {
				ALWAYS_SEARCH_USER_PATHS = NO;
				CLANG_CXX_LANGUAGE_STANDARD = "gnu++0x";
				CLANG_CXX_LIBRARY = "libc++";
				CLANG_ENABLE_MODULES = YES;
				CLANG_ENABLE_OBJC_ARC = YES;
				CLANG_WARN_BOOL_CONVERSION = YES;
				CLANG_WARN_CONSTANT_CONVERSION = YES;
				CLANG_WARN_DIRECT_OBJC_ISA_USAGE = YES_ERROR;
				CLANG_WARN_EMPTY_BODY = YES;
				CLANG_WARN_ENUM_CONVERSION = YES;
				CLANG_WARN_INT_CONVERSION = YES;
				CLANG_WARN_OBJC_ROOT_CLASS = YES_ERROR;
				CLANG_WARN_UNREACHABLE_CODE = YES;
				CLANG_WARN__DUPLICATE_METHOD_MATCH = YES;
				"CODE_SIGN_IDENTITY[sdk=iphoneos*]" = "iPhone Developer";
				COPY_PHASE_STRIP = NO;
				DEBUG_INFORMATION_FORMAT = "dwarf-with-dsym";
				ENABLE_STRICT_OBJC_MSGSEND = YES;
				GCC_C_LANGUAGE_STANDARD = gnu99;
				GCC_DYNAMIC_NO_PIC = NO;
				GCC_NO_COMMON_BLOCKS = YES;
				GCC_OPTIMIZATION_LEVEL = 0;
				GCC_PREPROCESSOR_DEFINITIONS = (
					"DEBUG=1",
					"$(inherited)",
				);
				GCC_SYMBOLS_PRIVATE_EXTERN = NO;
				GCC_WARN_64_TO_32_BIT_CONVERSION = YES;
				GCC_WARN_ABOUT_RETURN_TYPE = YES_ERROR;
				GCC_WARN_UNDECLARED_SELECTOR = YES;
				GCC_WARN_UNINITIALIZED_AUTOS = YES_AGGRESSIVE;
				GCC_WARN_UNUSED_FUNCTION = YES;
				GCC_WARN_UNUSED_VARIABLE = YES;
				IPHONEOS_DEPLOYMENT_TARGET = 8.3;
				MTL_ENABLE_DEBUG_INFO = YES;
				ONLY_ACTIVE_ARCH = YES;
				SDKROOT = iphoneos;
				SWIFT_OPTIMIZATION_LEVEL = "-Onone";
			};
			name = Debug;
		};
		4D9D88911B36C6D500ED0FFB /* Release */ = {
			isa = XCBuildConfiguration;
			buildSettings = {
				ALWAYS_SEARCH_USER_PATHS = NO;
				CLANG_CXX_LANGUAGE_STANDARD = "gnu++0x";
				CLANG_CXX_LIBRARY = "libc++";
				CLANG_ENABLE_MODULES = YES;
				CLANG_ENABLE_OBJC_ARC = YES;
				CLANG_WARN_BOOL_CONVERSION = YES;
				CLANG_WARN_CONSTANT_CONVERSION = YES;
				CLANG_WARN_DIRECT_OBJC_ISA_USAGE = YES_ERROR;
				CLANG_WARN_EMPTY_BODY = YES;
				CLANG_WARN_ENUM_CONVERSION = YES;
				CLANG_WARN_INT_CONVERSION = YES;
				CLANG_WARN_OBJC_ROOT_CLASS = YES_ERROR;
				CLANG_WARN_UNREACHABLE_CODE = YES;
				CLANG_WARN__DUPLICATE_METHOD_MATCH = YES;
				"CODE_SIGN_IDENTITY[sdk=iphoneos*]" = "iPhone Developer";
				COPY_PHASE_STRIP = NO;
				DEBUG_INFORMATION_FORMAT = "dwarf-with-dsym";
				ENABLE_NS_ASSERTIONS = NO;
				ENABLE_STRICT_OBJC_MSGSEND = YES;
				GCC_C_LANGUAGE_STANDARD = gnu99;
				GCC_NO_COMMON_BLOCKS = YES;
				GCC_WARN_64_TO_32_BIT_CONVERSION = YES;
				GCC_WARN_ABOUT_RETURN_TYPE = YES_ERROR;
				GCC_WARN_UNDECLARED_SELECTOR = YES;
				GCC_WARN_UNINITIALIZED_AUTOS = YES_AGGRESSIVE;
				GCC_WARN_UNUSED_FUNCTION = YES;
				GCC_WARN_UNUSED_VARIABLE = YES;
				IPHONEOS_DEPLOYMENT_TARGET = 8.3;
				MTL_ENABLE_DEBUG_INFO = NO;
				SDKROOT = iphoneos;
				VALIDATE_PRODUCT = YES;
			};
			name = Release;
		};
		4D9D88931B36C6D500ED0FFB /* Debug */ = {
			isa = XCBuildConfiguration;
			baseConfigurationReference = 07359C579374D337C867B59C /* Pods.debug.xcconfig */;
			buildSettings = {
				ASSETCATALOG_COMPILER_APPICON_NAME = AppIcon;
				INFOPLIST_FILE = "Photo Search Example/Info.plist";
				LD_RUNPATH_SEARCH_PATHS = "$(inherited) @executable_path/Frameworks";
				PRODUCT_NAME = "$(TARGET_NAME)";
				SWIFT_OBJC_BRIDGING_HEADER = bridge.h;
			};
			name = Debug;
		};
		4D9D88941B36C6D500ED0FFB /* Release */ = {
			isa = XCBuildConfiguration;
			baseConfigurationReference = 70581AE6F5B7BDAD77C5295F /* Pods.release.xcconfig */;
			buildSettings = {
				ASSETCATALOG_COMPILER_APPICON_NAME = AppIcon;
				INFOPLIST_FILE = "Photo Search Example/Info.plist";
				LD_RUNPATH_SEARCH_PATHS = "$(inherited) @executable_path/Frameworks";
				PRODUCT_NAME = "$(TARGET_NAME)";
				SWIFT_OBJC_BRIDGING_HEADER = bridge.h;
			};
			name = Release;
		};
		4D9D88961B36C6D500ED0FFB /* Debug */ = {
			isa = XCBuildConfiguration;
			buildSettings = {
				BUNDLE_LOADER = "$(TEST_HOST)";
				FRAMEWORK_SEARCH_PATHS = (
					"$(SDKROOT)/Developer/Library/Frameworks",
					"$(inherited)",
				);
				GCC_PREPROCESSOR_DEFINITIONS = (
					"DEBUG=1",
					"$(inherited)",
				);
				INFOPLIST_FILE = "Photo Search ExampleTests/Info.plist";
				LD_RUNPATH_SEARCH_PATHS = "$(inherited) @executable_path/Frameworks @loader_path/Frameworks";
				PRODUCT_NAME = "$(TARGET_NAME)";
				TEST_HOST = "$(BUILT_PRODUCTS_DIR)/Photo Search Example.app/Photo Search Example";
			};
			name = Debug;
		};
		4D9D88971B36C6D500ED0FFB /* Release */ = {
			isa = XCBuildConfiguration;
			buildSettings = {
				BUNDLE_LOADER = "$(TEST_HOST)";
				FRAMEWORK_SEARCH_PATHS = (
					"$(SDKROOT)/Developer/Library/Frameworks",
					"$(inherited)",
				);
				INFOPLIST_FILE = "Photo Search ExampleTests/Info.plist";
				LD_RUNPATH_SEARCH_PATHS = "$(inherited) @executable_path/Frameworks @loader_path/Frameworks";
				PRODUCT_NAME = "$(TARGET_NAME)";
				TEST_HOST = "$(BUILT_PRODUCTS_DIR)/Photo Search Example.app/Photo Search Example";
			};
			name = Release;
		};
/* End XCBuildConfiguration section */

/* Begin XCConfigurationList section */
		4D9D886E1B36C6D500ED0FFB /* Build configuration list for PBXProject "Photo Search Example" */ = {
			isa = XCConfigurationList;
			buildConfigurations = (
				4D9D88901B36C6D500ED0FFB /* Debug */,
				4D9D88911B36C6D500ED0FFB /* Release */,
			);
			defaultConfigurationIsVisible = 0;
			defaultConfigurationName = Release;
		};
		4D9D88921B36C6D500ED0FFB /* Build configuration list for PBXNativeTarget "Photo Search Example" */ = {
			isa = XCConfigurationList;
			buildConfigurations = (
				4D9D88931B36C6D500ED0FFB /* Debug */,
				4D9D88941B36C6D500ED0FFB /* Release */,
			);
			defaultConfigurationIsVisible = 0;
			defaultConfigurationName = Release;
		};
		4D9D88951B36C6D500ED0FFB /* Build configuration list for PBXNativeTarget "Photo Search ExampleTests" */ = {
			isa = XCConfigurationList;
			buildConfigurations = (
				4D9D88961B36C6D500ED0FFB /* Debug */,
				4D9D88971B36C6D500ED0FFB /* Release */,
			);
			defaultConfigurationIsVisible = 0;
			defaultConfigurationName = Release;
		};
/* End XCConfigurationList section */
	};
	rootObject = 4D9D886B1B36C6D500ED0FFB /* Project object */;
}
